{
  "name": "demo",
  "version": "1.0.0",
  "lockfileVersion": 1,
  "requires": true,
  "dependencies": {
    "@types/mocha": {
      "version": "5.2.7",
      "resolved": "https://registry.npm.taobao.org/@types/mocha/download/@types/mocha-5.2.7.tgz",
      "integrity": "sha1-MV1XDMtWxTRS/4Y4c432BybVtuo=",
      "dev": true
    },
    "@types/node": {
      "version": "12.7.8",
      "resolved": "https://registry.npm.taobao.org/@types/node/download/@types/node-12.7.8.tgz?cache=0&sync_timestamp=1569453138457&other_urls=https%3A%2F%2Fregistry.npm.taobao.org%2F%40types%2Fnode%2Fdownload%2F%40types%2Fnode-12.7.8.tgz",
      "integrity": "sha1-yxv2gAI4iYvC/2/6VwLDyt01Bwg=",
      "dev": true
    },
    "awesome-typescript-loader": {
      "version": "5.2.1",
      "resolved": "http://registry.npm.taobao.org/awesome-typescript-loader/download/awesome-typescript-loader-5.2.1.tgz",
      "integrity": "sha1-pB2veEdRX0klzbqjB11h8onpE/w=",
      "dev": true,
      "dependencies": {
        "ansi-styles": {
          "version": "3.2.1",
          "resolved": "https://registry.npm.taobao.org/ansi-styles/download/ansi-styles-3.2.1.tgz?cache=0&sync_timestamp=1566430562325&other_urls=https%3A%2F%2Fregistry.npm.taobao.org%2Fansi-styles%2Fdownload%2Fansi-styles-3.2.1.tgz",
          "integrity": "sha1-QfuyAkPlCxK+DwS43tvwdSDOhB0="
        },
        "chalk": {
          "version": "2.4.2",
          "resolved": "https://registry.npm.taobao.org/chalk/download/chalk-2.4.2.tgz",
          "integrity": "sha1-zUJUFnelQzPPVBpJEIwUMrRMlCQ="
        },
        "source-map": {
          "version": "0.6.1",
          "resolved": "http://registry.npm.taobao.org/source-map/download/source-map-0.6.1.tgz",
          "integrity": "sha1-dHIq8y6WFOnCh6jQu95IteLxomM="
        },
        "source-map-support": {
          "version": "0.5.13",
          "resolved": "https://registry.npm.taobao.org/source-map-support/download/source-map-support-0.5.13.tgz",
          "integrity": "sha1-MbJKnC5zwt6FBmwP631Edn7VKTI="
        },
        "supports-color": {
          "version": "5.5.0",
          "resolved": "https://registry.npm.taobao.org/supports-color/download/supports-color-5.5.0.tgz?cache=0&other_urls=https%3A%2F%2Fregistry.npm.taobao.org%2Fsupports-color%2Fdownload%2Fsupports-color-5.5.0.tgz",
          "integrity": "sha1-4uaaRKyHcveKHsCzW2id9lMO/I8="
        }
      }
    },
    "babel-core": {
      "version": "6.26.3",
      "resolved": "http://registry.npm.taobao.org/babel-core/download/babel-core-6.26.3.tgz",
      "integrity": "sha1-suLwnjQtDwyI4vAuBneUEl51wgc=",
      "dev": true
    },
    "babel-loader": {
      "version": "7.1.5",
      "resolved": "https://registry.npm.taobao.org/babel-loader/download/babel-loader-7.1.5.tgz",
      "integrity": "sha1-4+4M1zlKpVfgE7AtPkkr/QeqbWg=",
      "dev": true
    },
    "babel-preset-env": {
      "version": "1.7.0",
      "resolved": "http://registry.npm.taobao.org/babel-preset-env/download/babel-preset-env-1.7.0.tgz",
      "integrity": "sha1-3qefpOvriDzTXasH4mDBycBN93o=",
      "dev": true
    },
    "espower-typescript": {
      "version": "9.0.2",
      "resolved": "http://registry.npm.taobao.org/espower-typescript/download/espower-typescript-9.0.2.tgz",
      "integrity": "sha1-QxSLSdlBR9R35Uxqf3rirOCG2JM=",
      "dev": true,
      "dependencies": {
        "source-map": {
          "version": "0.6.1",
          "resolved": "http://registry.npm.taobao.org/source-map/download/source-map-0.6.1.tgz",
          "integrity": "sha1-dHIq8y6WFOnCh6jQu95IteLxomM="
        },
        "source-map-support": {
          "version": "0.5.13",
          "resolved": "https://registry.npm.taobao.org/source-map-support/download/source-map-support-0.5.13.tgz",
          "integrity": "sha1-MbJKnC5zwt6FBmwP631Edn7VKTI="
        }
      }
    },
    "mocha": {
      "version": "6.2.0",
      "resolved": "https://registry.npm.taobao.org/mocha/download/mocha-6.2.0.tgz",
      "integrity": "sha1-+Ja2QoQ0RdG7i8pg6r2SBriRblY=",
      "dev": true,
      "dependencies": {
        "ansi-regex": {
          "version": "4.1.0",
          "resolved": "http://registry.npm.taobao.org/ansi-regex/download/ansi-regex-4.1.0.tgz",
          "integrity": "sha1-i5+PCM8ay4Q3Vqg5yox+MWjFGZc="
        },
        "debug": {
          "version": "3.2.6",
          "resolved": "http://registry.npm.taobao.org/debug/download/debug-3.2.6.tgz",
          "integrity": "sha1-6D0X3hbYp++3cX7b5fsQE17uYps="
        },
        "diff": {
          "version": "3.5.0",
          "resolved": "http://registry.npm.taobao.org/diff/download/diff-3.5.0.tgz",
          "integrity": "sha1-gAwN0eCov7yVg1wgKtIg/jF+WhI="
        },
        "find-up": {
          "version": "3.0.0",
          "resolved": "https://registry.npm.taobao.org/find-up/download/find-up-3.0.0.tgz",
          "integrity": "sha1-SRafHXmTQwZG2mHsxa41XCHJe3M="
        },
        "get-caller-file": {
          "version": "2.0.5",
          "resolved": "http://registry.npm.taobao.org/get-caller-file/download/get-caller-file-2.0.5.tgz",
          "integrity": "sha1-T5RBKoLbMvNuOwuXQfipf+sDH34="
        },
        "glob": {
          "version": "7.1.3",
          "resolved": "https://registry.npm.taobao.org/glob/download/glob-7.1.3.tgz?cache=0&other_urls=https%3A%2F%2Fregistry.npm.taobao.org%2Fglob%2Fdownload%2Fglob-7.1.3.tgz",
          "integrity": "sha1-OWCDLT8VdBCDQtr9OmezMsCWnfE="
        },
        "locate-path": {
          "version": "3.0.0",
          "resolved": "https://registry.npm.taobao.org/locate-path/download/locate-path-3.0.0.tgz",
          "integrity": "sha1-2+w7OrdZdYBxtY/ln8QYca8hQA4="
        },
        "ms": {
          "version": "2.1.1",
          "resolved": "https://registry.npm.taobao.org/ms/download/ms-2.1.1.tgz?cache=0&other_urls=https%3A%2F%2Fregistry.npm.taobao.org%2Fms%2Fdownload%2Fms-2.1.1.tgz",
          "integrity": "sha1-MKWGTrPrsKZvLr5tcnrwagnYbgo="
        },
        "p-limit": {
          "version": "2.2.1",
          "resolved": "https://registry.npm.taobao.org/p-limit/download/p-limit-2.2.1.tgz",
          "integrity": "sha1-qgeniMwxUck5tRMfY1cPDdIAlTc="
        },
        "p-locate": {
          "version": "3.0.0",
          "resolved": "https://registry.npm.taobao.org/p-locate/download/p-locate-3.0.0.tgz",
          "integrity": "sha1-Mi1poFwCZLJZl9n0DNiokasAZKQ="
        },
        "p-try": {
          "version": "2.2.0",
          "resolved": "https://registry.npm.taobao.org/p-try/download/p-try-2.2.0.tgz",
          "integrity": "sha1-yyhoVA4xPWHeWPr741zpAE1VQOY="
        },
        "require-main-filename": {
          "version": "2.0.0",
          "resolved": "http://registry.npm.taobao.org/require-main-filename/download/require-main-filename-2.0.0.tgz",
          "integrity": "sha1-0LMp7MfMD2Fkn2IhW+aa9UqomJs="
        },
        "string-width": {
          "version": "3.1.0",
          "resolved": "http://registry.npm.taobao.org/string-width/download/string-width-3.1.0.tgz",
          "integrity": "sha1-InZ74htirxCBV0MG9prFG2IgOWE="
        },
        "strip-ansi": {
          "version": "5.2.0",
          "resolved": "http://registry.npm.taobao.org/strip-ansi/download/strip-ansi-5.2.0.tgz",
          "integrity": "sha1-jJpTb+tq/JYr36WxBKUJHBrZwK4="
        },
        "supports-color": {
          "version": "6.0.0",
          "resolved": "https://registry.npm.taobao.org/supports-color/download/supports-color-6.0.0.tgz?cache=0&other_urls=https%3A%2F%2Fregistry.npm.taobao.org%2Fsupports-color%2Fdownload%2Fsupports-color-6.0.0.tgz",
          "integrity": "sha1-ds/nQs8fQbubHCmtAwaMBbTA5Ao="
        },
        "yargs": {
          "version": "13.2.2",
          "resolved": "https://registry.npm.taobao.org/yargs/download/yargs-13.2.2.tgz?cache=0&sync_timestamp=1567812322754&other_urls=https%3A%2F%2Fregistry.npm.taobao.org%2Fyargs%2Fdownload%2Fyargs-13.2.2.tgz",
          "integrity": "sha1-DBAfWArpXOp/Odkn53cOP9yX+ZM="
        },
        "yargs-parser": {
          "version": "13.0.0",
          "resolved": "https://registry.npm.taobao.org/yargs-parser/download/yargs-parser-13.0.0.tgz?cache=0&sync_timestamp=1567798682591&other_urls=https%3A%2F%2Fregistry.npm.taobao.org%2Fyargs-parser%2Fdownload%2Fyargs-parser-13.0.0.tgz",
          "integrity": "sha1-P8RPPnaovbHMNgLoYBCGAuXM3os="
        }
      }
    },
    "power-assert": {
      "version": "1.6.1",
      "resolved": "http://registry.npm.taobao.org/power-assert/download/power-assert-1.6.1.tgz",
      "integrity": "sha1-soy8Aq6Aiv0UMdDNUJOjmsWlsf4=",
      "dev": true
    },
    "typescript": {
      "version": "3.6.3",
      "resolved": "https://registry.npm.taobao.org/typescript/download/typescript-3.6.3.tgz?cache=0&sync_timestamp=1569650873245&other_urls=https%3A%2F%2Fregistry.npm.taobao.org%2Ftypescript%2Fdownload%2Ftypescript-3.6.3.tgz",
      "integrity": "sha1-/qlC+rsg9+HKcWT/Ym8anz9wtNo=",
      "dev": true
    },
    "webpack": {
      "version": "4.30.0",
      "resolved": "https://registry.npm.taobao.org/webpack/download/webpack-4.30.0.tgz",
      "integrity": "sha1-rKdu91YwoixJ/MI1s5tMV1kdM6k=",
      "dev": true
    },
    "webpack-cli": {
      "version": "3.3.2",
      "resolved": "https://registry.npm.taobao.org/webpack-cli/download/webpack-cli-3.3.2.tgz",
      "integrity": "sha1-rtJDew2wp/qirShIThZqU2ABSpE=",
      "dev": true,
      "dependencies": {
        "ansi-styles": {
          "version": "3.2.1",
          "resolved": "http://registry.npm.taobao.org/ansi-styles/download/ansi-styles-3.2.1.tgz",
          "integrity": "sha1-QfuyAkPlCxK+DwS43tvwdSDOhB0="
        },
        "chalk": {
          "version": "2.4.2",
          "resolved": "https://registry.npm.taobao.org/chalk/download/chalk-2.4.2.tgz",
          "integrity": "sha1-zUJUFnelQzPPVBpJEIwUMrRMlCQ="
        },
        "supports-color": {
          "version": "5.5.0",
          "resolved": "http://registry.npm.taobao.org/supports-color/download/supports-color-5.5.0.tgz",
          "integrity": "sha1-4uaaRKyHcveKHsCzW2id9lMO/I8="
        }
      }
    },
    "webpack-merge": {
      "version": "4.2.1",
      "resolved": "https://registry.npm.taobao.org/webpack-merge/download/webpack-merge-4.2.1.tgz",
      "integrity": "sha1-XpI8+ALqKs5P1a8dMkc2imM0ibQ=",
      "dev": true
    }
  }
}
